// !$*UTF8*$!
{
	archiveVersion = 1;
	classes = {
	};
	objectVersion = 46;
	objects = {

/* Begin PBXBuildFile section */
		D3FD9E741CAE0BE000BE4D5D /* main.m in Sources */ = {isa = PBXBuildFile; fileRef = D3FD9E731CAE0BE000BE4D5D /* main.m */; };
		D3FD9E771CAE0BE000BE4D5D /* AppDelegate.m in Sources */ = {isa = PBXBuildFile; fileRef = D3FD9E761CAE0BE000BE4D5D /* AppDelegate.m */; };
		D3FD9E7A1CAE0BE000BE4D5D /* ViewController.m in Sources */ = {isa = PBXBuildFile; fileRef = D3FD9E791CAE0BE000BE4D5D /* ViewController.m */; };
		D3FD9E7D1CAE0BE000BE4D5D /* Main.storyboard in Resources */ = {isa = PBXBuildFile; fileRef = D3FD9E7B1CAE0BE000BE4D5D /* Main.storyboard */; };
		D3FD9E7F1CAE0BE000BE4D5D /* Assets.xcassets in Resources */ = {isa = PBXBuildFile; fileRef = D3FD9E7E1CAE0BE000BE4D5D /* Assets.xcassets */; };
		D3FD9E821CAE0BE000BE4D5D /* LaunchScreen.storyboard in Resources */ = {isa = PBXBuildFile; fileRef = D3FD9E801CAE0BE000BE4D5D /* LaunchScreen.storyboard */; };
		D3FD9E8D1CAE0BE100BE4D5D /* HypnosisterTests.m in Sources */ = {isa = PBXBuildFile; fileRef = D3FD9E8C1CAE0BE100BE4D5D /* HypnosisterTests.m */; };
		D3FD9E981CAE0BE100BE4D5D /* HypnosisterUITests.m in Sources */ = {isa = PBXBuildFile; fileRef = D3FD9E971CAE0BE100BE4D5D /* HypnosisterUITests.m */; };
/* End PBXBuildFile section */

/* Begin PBXContainerItemProxy section */
		D3FD9E891CAE0BE100BE4D5D /* PBXContainerItemProxy */ = {
			isa = PBXContainerItemProxy;
			containerPortal = D3FD9E671CAE0BE000BE4D5D /* Project object */;
			proxyType = 1;
			remoteGlobalIDString = D3FD9E6E1CAE0BE000BE4D5D;
			remoteInfo = Hypnosister;
		};
		D3FD9E941CAE0BE100BE4D5D /* PBXContainerItemProxy */ = {
			isa = PBXContainerItemProxy;
			containerPortal = D3FD9E671CAE0BE000BE4D5D /* Project object */;
			proxyType = 1;
			remoteGlobalIDString = D3FD9E6E1CAE0BE000BE4D5D;
			remoteInfo = Hypnosister;
		};
/* End PBXContainerItemProxy section */

/* Begin PBXFileReference section */
		D3FD9E6F1CAE0BE000BE4D5D /* Hypnosister.app */ = {isa = PBXFileReference; explicitFileType = wrapper.application; includeInIndex = 0; path = Hypnosister.app; sourceTree = BUILT_PRODUCTS_DIR; };
		D3FD9E731CAE0BE000BE4D5D /* main.m */ = {isa = PBXFileReference; lastKnownFileType = sourcecode.c.objc; path = main.m; sourceTree = "<group>"; };
		D3FD9E751CAE0BE000BE4D5D /* AppDelegate.h */ = {isa = PBXFileReference; lastKnownFileType = sourcecode.c.h; path = AppDelegate.h; sourceTree = "<group>"; };
		D3FD9E761CAE0BE000BE4D5D /* AppDelegate.m */ = {isa = PBXFileReference; lastKnownFileType = sourcecode.c.objc; path = AppDelegate.m; sourceTree = "<group>"; };
		D3FD9E781CAE0BE000BE4D5D /* ViewController.h */ = {isa = PBXFileReference; lastKnownFileType = sourcecode.c.h; path = ViewController.h; sourceTree = "<group>"; };
		D3FD9E791CAE0BE000BE4D5D /* ViewController.m */ = {isa = PBXFileReference; lastKnownFileType = sourcecode.c.objc; path = ViewController.m; sourceTree = "<group>"; };
		D3FD9E7C1CAE0BE000BE4D5D /* Base */ = {isa = PBXFileReference; lastKnownFileType = file.storyboard; name = Base; path = Base.lproj/Main.storyboard; sourceTree = "<group>"; };
		D3FD9E7E1CAE0BE000BE4D5D /* Assets.xcassets */ = {isa = PBXFileReference; lastKnownFileType = folder.assetcatalog; path = Assets.xcassets; sourceTree = "<group>"; };
		D3FD9E811CAE0BE000BE4D5D /* Base */ = {isa = PBXFileReference; lastKnownFileType = file.storyboard; name = Base; path = Base.lproj/LaunchScreen.storyboard; sourceTree = "<group>"; };
		D3FD9E831CAE0BE000BE4D5D /* Info.plist */ = {isa = PBXFileReference; lastKnownFileType = text.plist.xml; path = Info.plist; sourceTree = "<group>"; };
		D3FD9E881CAE0BE100BE4D5D /* HypnosisterTests.xctest */ = {isa = PBXFileReference; explicitFileType = wrapper.cfbundle; includeInIndex = 0; path = HypnosisterTests.xctest; sourceTree = BUILT_PRODUCTS_DIR; };
		D3FD9E8C1CAE0BE100BE4D5D /* HypnosisterTests.m */ = {isa = PBXFileReference; lastKnownFileType = sourcecode.c.objc; path = HypnosisterTests.m; sourceTree = "<group>"; };
		D3FD9E8E1CAE0BE100BE4D5D /* Info.plist */ = {isa = PBXFileReference; lastKnownFileType = text.plist.xml; path = Info.plist; sourceTree = "<group>"; };
		D3FD9E931CAE0BE100BE4D5D /* HypnosisterUITests.xctest */ = {isa = PBXFileReference; explicitFileType = wrapper.cfbundle; includeInIndex = 0; path = HypnosisterUITests.xctest; sourceTree = BUILT_PRODUCTS_DIR; };
		D3FD9E971CAE0BE100BE4D5D /* HypnosisterUITests.m */ = {isa = PBXFileReference; lastKnownFileType = sourcecode.c.objc; path = HypnosisterUITests.m; sourceTree = "<group>"; };
		D3FD9E991CAE0BE100BE4D5D /* Info.plist */ = {isa = PBXFileReference; lastKnownFileType = text.plist.xml; path = Info.plist; sourceTree = "<group>"; };
/* End PBXFileReference section */

/* Begin PBXFrameworksBuildPhase section */
		D3FD9E6C1CAE0BE000BE4D5D /* Frameworks */ = {
			isa = PBXFrameworksBuildPhase;
			buildActionMask = 2147483647;
			files = (
			);
			runOnlyForDeploymentPostprocessing = 0;
		};
		D3FD9E851CAE0BE100BE4D5D /* Frameworks */ = {
			isa = PBXFrameworksBuildPhase;
			buildActionMask = 2147483647;
			files = (
			);
			runOnlyForDeploymentPostprocessing = 0;
		};
		D3FD9E901CAE0BE100BE4D5D /* Frameworks */ = {
			isa = PBXFrameworksBuildPhase;
			buildActionMask = 2147483647;
			files = (
			);
			runOnlyForDeploymentPostprocessing = 0;
		};
/* End PBXFrameworksBuildPhase section */

/* Begin PBXGroup section */
		D3FD9E661CAE0BE000BE4D5D = {
			isa = PBXGroup;
			children = (
				D3FD9E711CAE0BE000BE4D5D /* Hypnosister */,
				D3FD9E8B1CAE0BE100BE4D5D /* HypnosisterTests */,
				D3FD9E961CAE0BE100BE4D5D /* HypnosisterUITests */,
				D3FD9E701CAE0BE000BE4D5D /* Products */,
			);
			sourceTree = "<group>";
		};
		D3FD9E701CAE0BE000BE4D5D /* Products */ = {
			isa = PBXGroup;
			children = (
				D3FD9E6F1CAE0BE000BE4D5D /* Hypnosister.app */,
				D3FD9E881CAE0BE100BE4D5D /* HypnosisterTests.xctest */,
				D3FD9E931CAE0BE100BE4D5D /* HypnosisterUITests.xctest */,
			);
			name = Products;
			sourceTree = "<group>";
		};
		D3FD9E711CAE0BE000BE4D5D /* Hypnosister */ = {
			isa = PBXGroup;
			children = (
				D3FD9E751CAE0BE000BE4D5D /* AppDelegate.h */,
				D3FD9E761CAE0BE000BE4D5D /* AppDelegate.m */,
				D3FD9E781CAE0BE000BE4D5D /* ViewController.h */,
				D3FD9E791CAE0BE000BE4D5D /* ViewController.m */,
				D3FD9E7B1CAE0BE000BE4D5D /* Main.storyboard */,
				D3FD9E7E1CAE0BE000BE4D5D /* Assets.xcassets */,
				D3FD9E801CAE0BE000BE4D5D /* LaunchScreen.storyboard */,
				D3FD9E831CAE0BE000BE4D5D /* Info.plist */,
				D3FD9E721CAE0BE000BE4D5D /* Supporting Files */,
			);
			path = Hypnosister;
			sourceTree = "<group>";
		};
		D3FD9E721CAE0BE000BE4D5D /* Supporting Files */ = {
			isa = PBXGroup;
			children = (
				D3FD9E731CAE0BE000BE4D5D /* main.m */,
			);
			name = "Supporting Files";
			sourceTree = "<group>";
		};
		D3FD9E8B1CAE0BE100BE4D5D /* HypnosisterTests */ = {
			isa = PBXGroup;
			children = (
				D3FD9E8C1CAE0BE100BE4D5D /* HypnosisterTests.m */,
				D3FD9E8E1CAE0BE100BE4D5D /* Info.plist */,
			);
			path = HypnosisterTests;
			sourceTree = "<group>";
		};
		D3FD9E961CAE0BE100BE4D5D /* HypnosisterUITests */ = {
			isa = PBXGroup;
			children = (
				D3FD9E971CAE0BE100BE4D5D /* HypnosisterUITests.m */,
				D3FD9E991CAE0BE100BE4D5D /* Info.plist */,
			);
			path = HypnosisterUITests;
			sourceTree = "<group>";
		};
/* End PBXGroup section */

/* Begin PBXNativeTarget section */
		D3FD9E6E1CAE0BE000BE4D5D /* Hypnosister */ = {
			isa = PBXNativeTarget;
			buildConfigurationList = D3FD9E9C1CAE0BE100BE4D5D /* Build configuration list for PBXNativeTarget "Hypnosister" */;
			buildPhases = (
				D3FD9E6B1CAE0BE000BE4D5D /* Sources */,
				D3FD9E6C1CAE0BE000BE4D5D /* Frameworks */,
				D3FD9E6D1CAE0BE000BE4D5D /* Resources */,
			);
			buildRules = (
			);
			dependencies = (
			);
			name = Hypnosister;
			productName = Hypnosister;
			productReference = D3FD9E6F1CAE0BE000BE4D5D /* Hypnosister.app */;
			productType = "com.apple.product-type.application";
		};
		D3FD9E871CAE0BE100BE4D5D /* HypnosisterTests */ = {
			isa = PBXNativeTarget;
			buildConfigurationList = D3FD9E9F1CAE0BE100BE4D5D /* Build configuration list for PBXNativeTarget "HypnosisterTests" */;
			buildPhases = (
				D3FD9E841CAE0BE100BE4D5D /* Sources */,
				D3FD9E851CAE0BE100BE4D5D /* Frameworks */,
				D3FD9E861CAE0BE100BE4D5D /* Resources */,
			);
			buildRules = (
			);
			dependencies = (
				D3FD9E8A1CAE0BE100BE4D5D /* PBXTargetDependency */,
			);
			name = HypnosisterTests;
			productName = HypnosisterTests;
			productReference = D3FD9E881CAE0BE100BE4D5D /* HypnosisterTests.xctest */;
			productType = "com.apple.product-type.bundle.unit-test";
		};
		D3FD9E921CAE0BE100BE4D5D /* HypnosisterUITests */ = {
			isa = PBXNativeTarget;
			buildConfigurationList = D3FD9EA21CAE0BE100BE4D5D /* Build configuration list for PBXNativeTarget "HypnosisterUITests" */;
			buildPhases = (
				D3FD9E8F1CAE0BE100BE4D5D /* Sources */,
				D3FD9E901CAE0BE100BE4D5D /* Frameworks */,
				D3FD9E911CAE0BE100BE4D5D /* Resources */,
			);
			buildRules = (
			);
			dependencies = (
				D3FD9E951CAE0BE100BE4D5D /* PBXTargetDependency */,
			);
			name = HypnosisterUITests;
			productName = HypnosisterUITests;
			productReference = D3FD9E931CAE0BE100BE4D5D /* HypnosisterUITests.xctest */;
			productType = "com.apple.product-type.bundle.ui-testing";
		};
/* End PBXNativeTarget section */

/* Begin PBXProject section */
		D3FD9E671CAE0BE000BE4D5D /* Project object */ = {
			isa = PBXProject;
			attributes = {
				LastUpgradeCheck = 0720;
				ORGANIZATIONNAME = "Big Nerd Ranch";
				TargetAttributes = {
					D3FD9E6E1CAE0BE000BE4D5D = {
						CreatedOnToolsVersion = 7.2.1;
					};
					D3FD9E871CAE0BE100BE4D5D = {
						CreatedOnToolsVersion = 7.2.1;
						TestTargetID = D3FD9E6E1CAE0BE000BE4D5D;
					};
					D3FD9E921CAE0BE100BE4D5D = {
						CreatedOnToolsVersion = 7.2.1;
						TestTargetID = D3FD9E6E1CAE0BE000BE4D5D;
					};
				};
			};
			buildConfigurationList = D3FD9E6A1CAE0BE000BE4D5D /* Build configuration list for PBXProject "Hypnosister" */;
			compatibilityVersion = "Xcode 3.2";
			developmentRegion = English;
			hasScannedForEncodings = 0;
			knownRegions = (
				en,
				Base,
			);
			mainGroup = D3FD9E661CAE0BE000BE4D5D;
			productRefGroup = D3FD9E701CAE0BE000BE4D5D /* Products */;
			projectDirPath = "";
			projectRoot = "";
			targets = (
				D3FD9E6E1CAE0BE000BE4D5D /* Hypnosister */,
				D3FD9E871CAE0BE100BE4D5D /* HypnosisterTests */,
				D3FD9E921CAE0BE100BE4D5D /* HypnosisterUITests */,
			);
		};
/* End PBXProject section */

/* Begin PBXResourcesBuildPhase section */
		D3FD9E6D1CAE0BE000BE4D5D /* Resources */ = {
			isa = PBXResourcesBuildPhase;
			buildActionMask = 2147483647;
			files = (
				D3FD9E821CAE0BE000BE4D5D /* LaunchScreen.storyboard in Resources */,
				D3FD9E7F1CAE0BE000BE4D5D /* Assets.xcassets in Resources */,
				D3FD9E7D1CAE0BE000BE4D5D /* Main.storyboard in Resources */,
			);
			runOnlyForDeploymentPostprocessing = 0;
		};
		D3FD9E861CAE0BE100BE4D5D /* Resources */ = {
			isa = PBXResourcesBuildPhase;
			buildActionMask = 2147483647;
			files = (
			);
			runOnlyForDeploymentPostprocessing = 0;
		};
		D3FD9E911CAE0BE100BE4D5D /* Resources */ = {
			isa = PBXResourcesBuildPhase;
			buildActionMask = 2147483647;
			files = (
			);
			runOnlyForDeploymentPostprocessing = 0;
		};
/* End PBXResourcesBuildPhase section */

/* Begin PBXSourcesBuildPhase section */
		D3FD9E6B1CAE0BE000BE4D5D /* Sources */ = {
			isa = PBXSourcesBuildPhase;
			buildActionMask = 2147483647;
			files = (
				D3FD9E7A1CAE0BE000BE4D5D /* ViewController.m in Sources */,
				D3FD9E771CAE0BE000BE4D5D /* AppDelegate.m in Sources */,
				D3FD9E741CAE0BE000BE4D5D /* main.m in Sources */,
			);
			runOnlyForDeploymentPostprocessing = 0;
		};
		D3FD9E841CAE0BE100BE4D5D /* Sources */ = {
			isa = PBXSourcesBuildPhase;
			buildActionMask = 2147483647;
			files = (
				D3FD9E8D1CAE0BE100BE4D5D /* HypnosisterTests.m in Sources */,
			);
			runOnlyForDeploymentPostprocessing = 0;
		};
		D3FD9E8F1CAE0BE100BE4D5D /* Sources */ = {
			isa = PBXSourcesBuildPhase;
			buildActionMask = 2147483647;
			files = (
				D3FD9E981CAE0BE100BE4D5D /* HypnosisterUITests.m in Sources */,
			);
			runOnlyForDeploymentPostprocessing = 0;
		};
/* End PBXSourcesBuildPhase section */

/* Begin PBXTargetDependency section */
		D3FD9E8A1CAE0BE100BE4D5D /* PBXTargetDependency */ = {
			isa = PBXTargetDependency;
			target = D3FD9E6E1CAE0BE000BE4D5D /* Hypnosister */;
			targetProxy = D3FD9E891CAE0BE100BE4D5D /* PBXContainerItemProxy */;
		};
		D3FD9E951CAE0BE100BE4D5D /* PBXTargetDependency */ = {
			isa = PBXTargetDependency;
			target = D3FD9E6E1CAE0BE000BE4D5D /* Hypnosister */;
			targetProxy = D3FD9E941CAE0BE100BE4D5D /* PBXContainerItemProxy */;
		};
/* End PBXTargetDependency section */

/* Begin PBXVariantGroup section */
		D3FD9E7B1CAE0BE000BE4D5D /* Main.storyboard */ = {
			isa = PBXVariantGroup;
			children = (
				D3FD9E7C1CAE0BE000BE4D5D /* Base */,
			);
			name = Main.storyboard;
			sourceTree = "<group>";
		};
		D3FD9E801CAE0BE000BE4D5D /* LaunchScreen.storyboard */ = {
			isa = PBXVariantGroup;
			children = (
				D3FD9E811CAE0BE000BE4D5D /* Base */,
			);
			name = LaunchScreen.storyboard;
			sourceTree = "<group>";
		};
/* End PBXVariantGroup section */

/* Begin XCBuildConfiguration section */
		D3FD9E9A1CAE0BE100BE4D5D /* Debug */ = {
			isa = XCBuildConfiguration;
			buildSettings = {
				ALWAYS_SEARCH_USER_PATHS = NO;
				CLANG_CXX_LANGUAGE_STANDARD = "gnu++0x";
				CLANG_CXX_LIBRARY = "libc++";
				CLANG_ENABLE_MODULES = YES;
				CLANG_ENABLE_OBJC_ARC = YES;
				CLANG_WARN_BOOL_CONVERSION = YES;
				CLANG_WARN_CONSTANT_CONVERSION = YES;
				CLANG_WARN_DIRECT_OBJC_ISA_USAGE = YES_ERROR;
				CLANG_WARN_EMPTY_BODY = YES;
				CLANG_WARN_ENUM_CONVERSION = YES;
				CLANG_WARN_INT_CONVERSION = YES;
				CLANG_WARN_OBJC_ROOT_CLASS = YES_ERROR;
				CLANG_WARN_UNREACHABLE_CODE = YES;
				CLANG_WARN__DUPLICATE_METHOD_MATCH = YES;
				"CODE_SIGN_IDENTITY[sdk=iphoneos*]" = "iPhone Developer";
				COPY_PHASE_STRIP = NO;
				DEBUG_INFORMATION_FORMAT = dwarf;
				ENABLE_STRICT_OBJC_MSGSEND = YES;
				ENABLE_TESTABILITY = YES;
				GCC_C_LANGUAGE_STANDARD = gnu99;
				GCC_DYNAMIC_NO_PIC = NO;
				GCC_NO_COMMON_BLOCKS = YES;
				GCC_OPTIMIZATION_LEVEL = 0;
				GCC_PREPROCESSOR_DEFINITIONS = (
					"DEBUG=1",
					"$(inherited)",
				);
				GCC_WARN_64_TO_32_BIT_CONVERSION = YES;
				GCC_WARN_ABOUT_RETURN_TYPE = YES_ERROR;
				GCC_WARN_UNDECLARED_SELECTOR = YES;
				GCC_WARN_UNINITIALIZED_AUTOS = YES_AGGRESSIVE;
				GCC_WARN_UNUSED_FUNCTION = YES;
				GCC_WARN_UNUSED_VARIABLE = YES;
				IPHONEOS_DEPLOYMENT_TARGET = 9.2;
				MTL_ENABLE_DEBUG_INFO = YES;
				ONLY_ACTIVE_ARCH = YES;
				SDKROOT = iphoneos;
			};
			name = Debug;
		};
		D3FD9E9B1CAE0BE100BE4D5D /* Release */ = {
			isa = XCBuildConfiguration;
			buildSettings = {
				ALWAYS_SEARCH_USER_PATHS = NO;
				CLANG_CXX_LANGUAGE_STANDARD = "gnu++0x";
				CLANG_CXX_LIBRARY = "libc++";
				CLANG_ENABLE_MODULES = YES;
				CLANG_ENABLE_OBJC_ARC = YES;
				CLANG_WARN_BOOL_CONVERSION = YES;
				CLANG_WARN_CONSTANT_CONVERSION = YES;
				CLANG_WARN_DIRECT_OBJC_ISA_USAGE = YES_ERROR;
				CLANG_WARN_EMPTY_BODY = YES;
				CLANG_WARN_ENUM_CONVERSION = YES;
				CLANG_WARN_INT_CONVERSION = YES;
				CLANG_WARN_OBJC_ROOT_CLASS = YES_ERROR;
				CLANG_WARN_UNREACHABLE_CODE = YES;
				CLANG_WARN__DUPLICATE_METHOD_MATCH = YES;
				"CODE_SIGN_IDENTITY[sdk=iphoneos*]" = "iPhone Developer";
				COPY_PHASE_STRIP = NO;
				DEBUG_INFORMATION_FORMAT = "dwarf-with-dsym";
				ENABLE_NS_ASSERTIONS = NO;
				ENABLE_STRICT_OBJC_MSGSEND = YES;
				GCC_C_LANGUAGE_STANDARD = gnu99;
				GCC_NO_COMMON_BLOCKS = YES;
				GCC_WARN_64_TO_32_BIT_CONVERSION = YES;
				GCC_WARN_ABOUT_RETURN_TYPE = YES_ERROR;
				GCC_WARN_UNDECLARED_SELECTOR = YES;
				GCC_WARN_UNINITIALIZED_AUTOS = YES_AGGRESSIVE;
				GCC_WARN_UNUSED_FUNCTION = YES;
				GCC_WARN_UNUSED_VARIABLE = YES;
				IPHONEOS_DEPLOYMENT_TARGET = 9.2;
				MTL_ENABLE_DEBUG_INFO = NO;
				SDKROOT = iphoneos;
				VALIDATE_PRODUCT = YES;
			};
			name = Release;
		};
		D3FD9E9D1CAE0BE100BE4D5D /* Debug */ = {
			isa = XCBuildConfiguration;
			buildSettings = {
				ASSETCATALOG_COMPILER_APPICON_NAME = AppIcon;
				INFOPLIST_FILE = Hypnosister/Info.plist;
				LD_RUNPATH_SEARCH_PATHS = "$(inherited) @executable_path/Frameworks";
				PRODUCT_BUNDLE_IDENTIFIER = com.bignerdranch.Hypnosister;
				PRODUCT_NAME = "$(TARGET_NAME)";
			};
			name = Debug;
		};
		D3FD9E9E1CAE0BE100BE4D5D /* Release */ = {
			isa = XCBuildConfiguration;
			buildSettings = {
				ASSETCATALOG_COMPILER_APPICON_NAME = AppIcon;
				INFOPLIST_FILE = Hypnosister/Info.plist;
				LD_RUNPATH_SEARCH_PATHS = "$(inherited) @executable_path/Frameworks";
				PRODUCT_BUNDLE_IDENTIFIER = com.bignerdranch.Hypnosister;
				PRODUCT_NAME = "$(TARGET_NAME)";
			};
			name = Release;
		};
		D3FD9EA01CAE0BE100BE4D5D /* Debug */ = {
			isa = XCBuildConfiguration;
			buildSettings = {
				BUNDLE_LOADER = "$(TEST_HOST)";
				INFOPLIST_FILE = HypnosisterTests/Info.plist;
				LD_RUNPATH_SEARCH_PATHS = "$(inherited) @executable_path/Frameworks @loader_path/Frameworks";
				PRODUCT_BUNDLE_IDENTIFIER = com.bignerdranch.HypnosisterTests;
				PRODUCT_NAME = "$(TARGET_NAME)";
				TEST_HOST = "$(BUILT_PRODUCTS_DIR)/Hypnosister.app/Hypnosister";
			};
			name = Debug;
		};
		D3FD9EA11CAE0BE100BE4D5D /* Release */ = {
			isa = XCBuildConfiguration;
			buildSettings = {
				BUNDLE_LOADER = "$(TEST_HOST)";
				INFOPLIST_FILE = HypnosisterTests/Info.plist;
				LD_RUNPATH_SEARCH_PATHS = "$(inherited) @executable_path/Frameworks @loader_path/Frameworks";
				PRODUCT_BUNDLE_IDENTIFIER = com.bignerdranch.HypnosisterTests;
				PRODUCT_NAME = "$(TARGET_NAME)";
				TEST_HOST = "$(BUILT_PRODUCTS_DIR)/Hypnosister.app/Hypnosister";
			};
			name = Release;
		};
		D3FD9EA31CAE0BE100BE4D5D /* Debug */ = {
			isa = XCBuildConfiguration;
			buildSettings = {
				INFOPLIST_FILE = HypnosisterUITests/Info.plist;
				LD_RUNPATH_SEARCH_PATHS = "$(inherited) @executable_path/Frameworks @loader_path/Frameworks";
				PRODUCT_BUNDLE_IDENTIFIER = com.bignerdranch.HypnosisterUITests;
				PRODUCT_NAME = "$(TARGET_NAME)";
				TEST_TARGET_NAME = Hypnosister;
				USES_XCTRUNNER = YES;
			};
			name = Debug;
		};
		D3FD9EA41CAE0BE100BE4D5D /* Release */ = {
			isa = XCBuildConfiguration;
			buildSettings = {
				INFOPLIST_FILE = HypnosisterUITests/Info.plist;
				LD_RUNPATH_SEARCH_PATHS = "$(inherited) @executable_path/Frameworks @loader_path/Frameworks";
				PRODUCT_BUNDLE_IDENTIFIER = com.bignerdranch.HypnosisterUITests;
				PRODUCT_NAME = "$(TARGET_NAME)";
				TEST_TARGET_NAME = Hypnosister;
				USES_XCTRUNNER = YES;
			};
			name = Release;
		};
/* End XCBuildConfiguration section */

/* Begin XCConfigurationList section */
		D3FD9E6A1CAE0BE000BE4D5D /* Build configuration list for PBXProject "Hypnosister" */ = {
			isa = XCConfigurationList;
			buildConfigurations = (
				D3FD9E9A1CAE0BE100BE4D5D /* Debug */,
				D3FD9E9B1CAE0BE100BE4D5D /* Release */,
			);
			defaultConfigurationIsVisible = 0;
			defaultConfigurationName = Release;
		};
		D3FD9E9C1CAE0BE100BE4D5D /* Build configuration list for PBXNativeTarget "Hypnosister" */ = {
			isa = XCConfigurationList;
			buildConfigurations = (
				D3FD9E9D1CAE0BE100BE4D5D /* Debug */,
				D3FD9E9E1CAE0BE100BE4D5D /* Release */,
			);
			defaultConfigurationIsVisible = 0;
		};
		D3FD9E9F1CAE0BE100BE4D5D /* Build configuration list for PBXNativeTarget "HypnosisterTests" */ = {
			isa = XCConfigurationList;
			buildConfigurations = (
				D3FD9EA01CAE0BE100BE4D5D /* Debug */,
				D3FD9EA11CAE0BE100BE4D5D /* Release */,
			);
			defaultConfigurationIsVisible = 0;
		};
		D3FD9EA21CAE0BE100BE4D5D /* Build configuration list for PBXNativeTarget "HypnosisterUITests" */ = {
			isa = XCConfigurationList;
			buildConfigurations = (
				D3FD9EA31CAE0BE100BE4D5D /* Debug */,
				D3FD9EA41CAE0BE100BE4D5D /* Release */,
			);
			defaultConfigurationIsVisible = 0;
		};
/* End XCConfigurationList section */
	};
	rootObject = D3FD9E671CAE0BE000BE4D5D /* Project object */;
}
